
Microsoft Visual Studio Solution File, Format Version 12.00
# Visual Studio 14
VisualStudioVersion = 14.0.24720.0
MinimumVisualStudioVersion = 10.0.40219.1
Project("{FAE04EC0-301F-11D3-BF4B-00C04F79EFBC}") = "ManejoSQLite", "ManejoSQLite\ManejoSQLite.csproj", "{CF930FD0-6D55-494B-BAFE-6EFCFE873836}"
EndProject
Project("{FAE04EC0-301F-11D3-BF4B-00C04F79EFBC}") = "BO", "BO\BO.csproj", "{F92D99CE-81C1-4D43-800E-49F8C3DDE0E5}"
EndProject
Project("{FAE04EC0-301F-11D3-BF4B-00C04F79EFBC}") = "DAO", "DAO\DAO.csproj", "{A9E37CD0-8791-418A-B01B-8F87FA0A56F0}"
EndProject
Project("{FAE04EC0-301F-11D3-BF4B-00C04F79EFBC}") = "Services", "Services\Services.csproj", "{8D103CA4-7235-45C6-9CCC-EB57C6842796}"
EndProject
Global
	GlobalSection(SolutionConfigurationPlatforms) = preSolution
		Debug|Any CPU = Debug|Any CPU
		Release|Any CPU = Release|Any CPU
	EndGlobalSection
	GlobalSection(ProjectConfigurationPlatforms) = postSolution
		{CF930FD0-6D55-494B-BAFE-6EFCFE873836}.Debug|Any CPU.ActiveCfg = Debug|Any CPU
		{CF930FD0-6D55-494B-BAFE-6EFCFE873836}.Debug|Any CPU.Build.0 = Debug|Any CPU
		{CF930FD0-6D55-494B-BAFE-6EFCFE873836}.Release|Any CPU.ActiveCfg = Release|Any CPU
		{CF930FD0-6D55-494B-BAFE-6EFCFE873836}.Release|Any CPU.Build.0 = Release|Any CPU
		{F92D99CE-81C1-4D43-800E-49F8C3DDE0E5}.Debug|Any CPU.ActiveCfg = Debug|Any CPU
		{F92D99CE-81C1-4D43-800E-49F8C3DDE0E5}.Debug|Any CPU.Build.0 = Debug|Any CPU
		{F92D99CE-81C1-4D43-800E-49F8C3DDE0E5}.Release|Any CPU.ActiveCfg = Release|Any CPU
		{F92D99CE-81C1-4D43-800E-49F8C3DDE0E5}.Release|Any CPU.Build.0 = Release|Any CPU
		{A9E37CD0-8791-418A-B01B-8F87FA0A56F0}.Debug|Any CPU.ActiveCfg = Debug|Any CPU
		{A9E37CD0-8791-418A-B01B-8F87FA0A56F0}.Debug|Any CPU.Build.0 = Debug|Any CPU
		{A9E37CD0-8791-418A-B01B-8F87FA0A56F0}.Release|Any CPU.ActiveCfg = Release|Any CPU
		{A9E37CD0-8791-418A-B01B-8F87FA0A56F0}.Release|Any CPU.Build.0 = Release|Any CPU
		{8D103CA4-7235-45C6-9CCC-EB57C6842796}.Debug|Any CPU.ActiveCfg = Debug|Any CPU
		{8D103CA4-7235-45C6-9CCC-EB57C6842796}.Debug|Any CPU.Build.0 = Debug|Any CPU
		{8D103CA4-7235-45C6-9CCC-EB57C6842796}.Release|Any CPU.ActiveCfg = Release|Any CPU
		{8D103CA4-7235-45C6-9CCC-EB57C6842796}.Release|Any CPU.Build.0 = Release|Any CPU
	EndGlobalSection
	GlobalSection(SolutionProperties) = preSolution
		HideSolutionNode = FALSE
	EndGlobalSection
EndGlobal
